
Microsoft Visual Studio Solution File, Format Version 12.00
# Visual Studio 2013
VisualStudioVersion = 12.0.40629.0
MinimumVisualStudioVersion = 10.0.40219.1
Project("{FAE04EC0-301F-11D3-BF4B-00C04F79EFBC}") = "Mizu-Gauge-Automation", "Mizu-Gauge-Automation\Mizu-Gauge-Automation.csproj", "{C095C38E-A58F-4E66-8E57-F0A91CCA7974}"
EndProject
Project("{2150E333-8FDC-42A3-9474-1A3956D46DE8}") = ".nuget", ".nuget", "{6B43FEA3-9468-442E-99F4-1C61AE7562A3}"
	ProjectSection(SolutionItems) = preProject
		.nuget\NuGet.Config = .nuget\NuGet.Config
		.nuget\NuGet.exe = .nuget\NuGet.exe
	EndProjectSection
EndProject
Global
	GlobalSection(SolutionConfigurationPlatforms) = preSolution
		Debug|Any CPU = Debug|Any CPU
		Release|Any CPU = Release|Any CPU
	EndGlobalSection
	GlobalSection(ProjectConfigurationPlatforms) = postSolution
		{C095C38E-A58F-4E66-8E57-F0A91CCA7974}.Debug|Any CPU.ActiveCfg = Debug|Any CPU
		{C095C38E-A58F-4E66-8E57-F0A91CCA7974}.Debug|Any CPU.Build.0 = Debug|Any CPU
		{C095C38E-A58F-4E66-8E57-F0A91CCA7974}.Release|Any CPU.ActiveCfg = Release|Any CPU
		{C095C38E-A58F-4E66-8E57-F0A91CCA7974}.Release|Any CPU.Build.0 = Release|Any CPU
	EndGlobalSection
	GlobalSection(SolutionProperties) = preSolution
		HideSolutionNode = FALSE
	EndGlobalSection
EndGlobal
